
Microsoft Visual Studio Solution File, Format Version 12.00
# Visual Studio 2013
VisualStudioVersion = 12.0.21005.1
MinimumVisualStudioVersion = 10.0.40219.1
Project("{8BC9CEB8-8B4A-11D0-8D11-00A0C91BC942}") = "Singleton(单例)", "Singleton\Singleton.vcxproj", "{FEC72D3F-14DA-4B01-A2EA-9625F73D5E3C}"
EndProject
Project("{8BC9CEB8-8B4A-11D0-8D11-00A0C91BC942}") = "FactoryMethod(工厂方法)", "FactoryMethod\FactoryMethod.vcxproj", "{9DACDEBA-28A4-48F0-85B9-A7470C4CCFFE}"
EndProject
Project("{8BC9CEB8-8B4A-11D0-8D11-00A0C91BC942}") = "Proxy(代理)", "Proxy\Proxy.vcxproj", "{4742CA70-20DD-46FD-9B2E-B3C2806B939D}"
EndProject
Project("{8BC9CEB8-8B4A-11D0-8D11-00A0C91BC942}") = "Reflex(反射)", "Reflex\Reflex.vcxproj", "{6E9D2BE7-C96C-4E89-9BEE-0BA8D77706F7}"
EndProject
Project("{8BC9CEB8-8B4A-11D0-8D11-00A0C91BC942}") = "Builder(建造者)", "Builder\Builder.vcxproj", "{37B35B5D-0102-48DA-9931-7E7F7CD2E79B}"
EndProject
Project("{8BC9CEB8-8B4A-11D0-8D11-00A0C91BC942}") = "Prototype(原型)", "Prototype\Prototype.vcxproj", "{28B9A73D-05F9-42F8-B95A-D1EBB6A865F4}"
EndProject
Project("{8BC9CEB8-8B4A-11D0-8D11-00A0C91BC942}") = "Adapter(适配器)", "Adapter\Adapter.vcxproj", "{37B63186-9254-41D7-8448-E99876607603}"
EndProject
Project("{8BC9CEB8-8B4A-11D0-8D11-00A0C91BC942}") = "Bridge(桥接)", "Bridge\Bridge.vcxproj", "{7FCC4017-533E-452D-B41D-933F0F0A02CF}"
EndProject
Project("{8BC9CEB8-8B4A-11D0-8D11-00A0C91BC942}") = "Composite(组合)", "Composite\Composite.vcxproj", "{65D1298C-12A0-44BD-A50E-7A5926221F13}"
EndProject
Project("{8BC9CEB8-8B4A-11D0-8D11-00A0C91BC942}") = "Decorator(装饰)", "Decorator\Decorator.vcxproj", "{10576090-1A65-4B0D-BC63-FE82007C174B}"
EndProject
Project("{8BC9CEB8-8B4A-11D0-8D11-00A0C91BC942}") = "Facade(外观)", "Facade\Facade.vcxproj", "{FFA1355D-3960-4A04-89E8-32C396EEC26B}"
EndProject
Project("{2150E333-8FDC-42A3-9474-1A3956D46DE8}") = "创建型", "创建型", "{C7D438F5-F0FE-48ED-A337-B1BB4ABCC099}"
EndProject
Project("{2150E333-8FDC-42A3-9474-1A3956D46DE8}") = "结构型", "结构型", "{901BC184-D7BD-4277-ABBB-4EF501E164C8}"
EndProject
Project("{8BC9CEB8-8B4A-11D0-8D11-00A0C91BC942}") = "Flyweight(享元)", "Flyweight\Flyweight.vcxproj", "{4F512DEA-BAD9-4700-BD31-5E6CAD12CFF0}"
EndProject
Project("{2150E333-8FDC-42A3-9474-1A3956D46DE8}") = "行为型", "行为型", "{ED57C524-B2D2-4411-AD47-5E1B888421CD}"
EndProject
Project("{8BC9CEB8-8B4A-11D0-8D11-00A0C91BC942}") = "Interpreter(解释器)", "Interpreter\Interpreter.vcxproj", "{7EE1F7DB-9047-430C-B27F-CB652E955859}"
EndProject
Project("{8BC9CEB8-8B4A-11D0-8D11-00A0C91BC942}") = "Iterator(迭代器)", "Iterator\Iterator.vcxproj", "{3F89A2E0-1AAA-4A8E-BC6E-B9EEB88B6AE8}"
EndProject
Project("{8BC9CEB8-8B4A-11D0-8D11-00A0C91BC942}") = "Mediator(中介者)", "Mediator\Mediator.vcxproj", "{56F5B494-3B3A-4550-910D-EE535DC84C2E}"
EndProject
Project("{8BC9CEB8-8B4A-11D0-8D11-00A0C91BC942}") = "AbstractFactory(抽象工厂)", "AbstractFactory\AbstractFactory.vcxproj", "{434D032F-40E7-4FB1-9B2E-65E6D5DE7ABA}"
EndProject
Project("{8BC9CEB8-8B4A-11D0-8D11-00A0C91BC942}") = "Command(命令)", "Command\Command.vcxproj", "{85D1E988-1603-46B0-91BC-8D58D508297B}"
EndProject
Project("{8BC9CEB8-8B4A-11D0-8D11-00A0C91BC942}") = "ChainOfResponsibility(责任链)", "ChainOfResponsibility\ChainOfResponsibility.vcxproj", "{998FC113-B3E6-4E62-9F6A-5A939F313397}"
EndProject
Project("{8BC9CEB8-8B4A-11D0-8D11-00A0C91BC942}") = "Memento(备忘录)", "Memento\Memento.vcxproj", "{8015E3AC-D813-4738-B528-560D93ED629C}"
EndProject
Project("{8BC9CEB8-8B4A-11D0-8D11-00A0C91BC942}") = "Observer(观察者)", "Observer\Observer.vcxproj", "{900CF46C-1FC1-4151-84E4-F9425129A20E}"
EndProject
Project("{8BC9CEB8-8B4A-11D0-8D11-00A0C91BC942}") = "State(状态)", "State\State.vcxproj", "{23381344-8A98-405D-B36B-9FE4342C97BD}"
EndProject
Project("{8BC9CEB8-8B4A-11D0-8D11-00A0C91BC942}") = "Strategy(策略)", "Strategy\Strategy.vcxproj", "{22ABA593-D2AB-4892-AEC9-BFBADC6F9BFD}"
EndProject
Project("{8BC9CEB8-8B4A-11D0-8D11-00A0C91BC942}") = "TemplateMethod(模板方法)", "TemplateMethod\TemplateMethod.vcxproj", "{52883574-6972-4433-8BC5-045D92CE1355}"
EndProject
Project("{8BC9CEB8-8B4A-11D0-8D11-00A0C91BC942}") = "Visitor(访问者)", "Visitor\Visitor.vcxproj", "{C2E2352C-15CD-40AD-A493-5B92C6EE3BAF}"
EndProject
Global
	GlobalSection(SolutionConfigurationPlatforms) = preSolution
		Debug|Win32 = Debug|Win32
		Release|Win32 = Release|Win32
	EndGlobalSection
	GlobalSection(ProjectConfigurationPlatforms) = postSolution
		{FEC72D3F-14DA-4B01-A2EA-9625F73D5E3C}.Debug|Win32.ActiveCfg = Debug|Win32
		{FEC72D3F-14DA-4B01-A2EA-9625F73D5E3C}.Debug|Win32.Build.0 = Debug|Win32
		{FEC72D3F-14DA-4B01-A2EA-9625F73D5E3C}.Release|Win32.ActiveCfg = Release|Win32
		{FEC72D3F-14DA-4B01-A2EA-9625F73D5E3C}.Release|Win32.Build.0 = Release|Win32
		{9DACDEBA-28A4-48F0-85B9-A7470C4CCFFE}.Debug|Win32.ActiveCfg = Debug|Win32
		{9DACDEBA-28A4-48F0-85B9-A7470C4CCFFE}.Debug|Win32.Build.0 = Debug|Win32
		{9DACDEBA-28A4-48F0-85B9-A7470C4CCFFE}.Release|Win32.ActiveCfg = Release|Win32
		{9DACDEBA-28A4-48F0-85B9-A7470C4CCFFE}.Release|Win32.Build.0 = Release|Win32
		{4742CA70-20DD-46FD-9B2E-B3C2806B939D}.Debug|Win32.ActiveCfg = Debug|Win32
		{4742CA70-20DD-46FD-9B2E-B3C2806B939D}.Debug|Win32.Build.0 = Debug|Win32
		{4742CA70-20DD-46FD-9B2E-B3C2806B939D}.Release|Win32.ActiveCfg = Release|Win32
		{4742CA70-20DD-46FD-9B2E-B3C2806B939D}.Release|Win32.Build.0 = Release|Win32
		{6E9D2BE7-C96C-4E89-9BEE-0BA8D77706F7}.Debug|Win32.ActiveCfg = Debug|Win32
		{6E9D2BE7-C96C-4E89-9BEE-0BA8D77706F7}.Debug|Win32.Build.0 = Debug|Win32
		{6E9D2BE7-C96C-4E89-9BEE-0BA8D77706F7}.Release|Win32.ActiveCfg = Release|Win32
		{6E9D2BE7-C96C-4E89-9BEE-0BA8D77706F7}.Release|Win32.Build.0 = Release|Win32
		{37B35B5D-0102-48DA-9931-7E7F7CD2E79B}.Debug|Win32.ActiveCfg = Debug|Win32
		{37B35B5D-0102-48DA-9931-7E7F7CD2E79B}.Debug|Win32.Build.0 = Debug|Win32
		{37B35B5D-0102-48DA-9931-7E7F7CD2E79B}.Release|Win32.ActiveCfg = Release|Win32
		{37B35B5D-0102-48DA-9931-7E7F7CD2E79B}.Release|Win32.Build.0 = Release|Win32
		{28B9A73D-05F9-42F8-B95A-D1EBB6A865F4}.Debug|Win32.ActiveCfg = Debug|Win32
		{28B9A73D-05F9-42F8-B95A-D1EBB6A865F4}.Debug|Win32.Build.0 = Debug|Win32
		{28B9A73D-05F9-42F8-B95A-D1EBB6A865F4}.Release|Win32.ActiveCfg = Release|Win32
		{28B9A73D-05F9-42F8-B95A-D1EBB6A865F4}.Release|Win32.Build.0 = Release|Win32
		{37B63186-9254-41D7-8448-E99876607603}.Debug|Win32.ActiveCfg = Debug|Win32
		{37B63186-9254-41D7-8448-E99876607603}.Debug|Win32.Build.0 = Debug|Win32
		{37B63186-9254-41D7-8448-E99876607603}.Release|Win32.ActiveCfg = Release|Win32
		{37B63186-9254-41D7-8448-E99876607603}.Release|Win32.Build.0 = Release|Win32
		{7FCC4017-533E-452D-B41D-933F0F0A02CF}.Debug|Win32.ActiveCfg = Debug|Win32
		{7FCC4017-533E-452D-B41D-933F0F0A02CF}.Debug|Win32.Build.0 = Debug|Win32
		{7FCC4017-533E-452D-B41D-933F0F0A02CF}.Release|Win32.ActiveCfg = Release|Win32
		{7FCC4017-533E-452D-B41D-933F0F0A02CF}.Release|Win32.Build.0 = Release|Win32
		{65D1298C-12A0-44BD-A50E-7A5926221F13}.Debug|Win32.ActiveCfg = Debug|Win32
		{65D1298C-12A0-44BD-A50E-7A5926221F13}.Debug|Win32.Build.0 = Debug|Win32
		{65D1298C-12A0-44BD-A50E-7A5926221F13}.Release|Win32.ActiveCfg = Release|Win32
		{65D1298C-12A0-44BD-A50E-7A5926221F13}.Release|Win32.Build.0 = Release|Win32
		{10576090-1A65-4B0D-BC63-FE82007C174B}.Debug|Win32.ActiveCfg = Debug|Win32
		{10576090-1A65-4B0D-BC63-FE82007C174B}.Debug|Win32.Build.0 = Debug|Win32
		{10576090-1A65-4B0D-BC63-FE82007C174B}.Release|Win32.ActiveCfg = Release|Win32
		{10576090-1A65-4B0D-BC63-FE82007C174B}.Release|Win32.Build.0 = Release|Win32
		{FFA1355D-3960-4A04-89E8-32C396EEC26B}.Debug|Win32.ActiveCfg = Debug|Win32
		{FFA1355D-3960-4A04-89E8-32C396EEC26B}.Debug|Win32.Build.0 = Debug|Win32
		{FFA1355D-3960-4A04-89E8-32C396EEC26B}.Release|Win32.ActiveCfg = Release|Win32
		{FFA1355D-3960-4A04-89E8-32C396EEC26B}.Release|Win32.Build.0 = Release|Win32
		{4F512DEA-BAD9-4700-BD31-5E6CAD12CFF0}.Debug|Win32.ActiveCfg = Debug|Win32
		{4F512DEA-BAD9-4700-BD31-5E6CAD12CFF0}.Debug|Win32.Build.0 = Debug|Win32
		{4F512DEA-BAD9-4700-BD31-5E6CAD12CFF0}.Release|Win32.ActiveCfg = Release|Win32
		{4F512DEA-BAD9-4700-BD31-5E6CAD12CFF0}.Release|Win32.Build.0 = Release|Win32
		{7EE1F7DB-9047-430C-B27F-CB652E955859}.Debug|Win32.ActiveCfg = Debug|Win32
		{7EE1F7DB-9047-430C-B27F-CB652E955859}.Debug|Win32.Build.0 = Debug|Win32
		{7EE1F7DB-9047-430C-B27F-CB652E955859}.Release|Win32.ActiveCfg = Release|Win32
		{7EE1F7DB-9047-430C-B27F-CB652E955859}.Release|Win32.Build.0 = Release|Win32
		{3F89A2E0-1AAA-4A8E-BC6E-B9EEB88B6AE8}.Debug|Win32.ActiveCfg = Debug|Win32
		{3F89A2E0-1AAA-4A8E-BC6E-B9EEB88B6AE8}.Debug|Win32.Build.0 = Debug|Win32
		{3F89A2E0-1AAA-4A8E-BC6E-B9EEB88B6AE8}.Release|Win32.ActiveCfg = Release|Win32
		{3F89A2E0-1AAA-4A8E-BC6E-B9EEB88B6AE8}.Release|Win32.Build.0 = Release|Win32
		{56F5B494-3B3A-4550-910D-EE535DC84C2E}.Debug|Win32.ActiveCfg = Debug|Win32
		{56F5B494-3B3A-4550-910D-EE535DC84C2E}.Debug|Win32.Build.0 = Debug|Win32
		{56F5B494-3B3A-4550-910D-EE535DC84C2E}.Release|Win32.ActiveCfg = Release|Win32
		{56F5B494-3B3A-4550-910D-EE535DC84C2E}.Release|Win32.Build.0 = Release|Win32
		{434D032F-40E7-4FB1-9B2E-65E6D5DE7ABA}.Debug|Win32.ActiveCfg = Debug|Win32
		{434D032F-40E7-4FB1-9B2E-65E6D5DE7ABA}.Debug|Win32.Build.0 = Debug|Win32
		{434D032F-40E7-4FB1-9B2E-65E6D5DE7ABA}.Release|Win32.ActiveCfg = Release|Win32
		{434D032F-40E7-4FB1-9B2E-65E6D5DE7ABA}.Release|Win32.Build.0 = Release|Win32
		{85D1E988-1603-46B0-91BC-8D58D508297B}.Debug|Win32.ActiveCfg = Debug|Win32
		{85D1E988-1603-46B0-91BC-8D58D508297B}.Debug|Win32.Build.0 = Debug|Win32
		{85D1E988-1603-46B0-91BC-8D58D508297B}.Release|Win32.ActiveCfg = Release|Win32
		{85D1E988-1603-46B0-91BC-8D58D508297B}.Release|Win32.Build.0 = Release|Win32
		{998FC113-B3E6-4E62-9F6A-5A939F313397}.Debug|Win32.ActiveCfg = Debug|Win32
		{998FC113-B3E6-4E62-9F6A-5A939F313397}.Debug|Win32.Build.0 = Debug|Win32
		{998FC113-B3E6-4E62-9F6A-5A939F313397}.Release|Win32.ActiveCfg = Release|Win32
		{998FC113-B3E6-4E62-9F6A-5A939F313397}.Release|Win32.Build.0 = Release|Win32
		{8015E3AC-D813-4738-B528-560D93ED629C}.Debug|Win32.ActiveCfg = Debug|Win32
		{8015E3AC-D813-4738-B528-560D93ED629C}.Debug|Win32.Build.0 = Debug|Win32
		{8015E3AC-D813-4738-B528-560D93ED629C}.Release|Win32.ActiveCfg = Release|Win32
		{8015E3AC-D813-4738-B528-560D93ED629C}.Release|Win32.Build.0 = Release|Win32
		{900CF46C-1FC1-4151-84E4-F9425129A20E}.Debug|Win32.ActiveCfg = Debug|Win32
		{900CF46C-1FC1-4151-84E4-F9425129A20E}.Debug|Win32.Build.0 = Debug|Win32
		{900CF46C-1FC1-4151-84E4-F9425129A20E}.Release|Win32.ActiveCfg = Release|Win32
		{900CF46C-1FC1-4151-84E4-F9425129A20E}.Release|Win32.Build.0 = Release|Win32
		{23381344-8A98-405D-B36B-9FE4342C97BD}.Debug|Win32.ActiveCfg = Debug|Win32
		{23381344-8A98-405D-B36B-9FE4342C97BD}.Debug|Win32.Build.0 = Debug|Win32
		{23381344-8A98-405D-B36B-9FE4342C97BD}.Release|Win32.ActiveCfg = Release|Win32
		{23381344-8A98-405D-B36B-9FE4342C97BD}.Release|Win32.Build.0 = Release|Win32
		{22ABA593-D2AB-4892-AEC9-BFBADC6F9BFD}.Debug|Win32.ActiveCfg = Debug|Win32
		{22ABA593-D2AB-4892-AEC9-BFBADC6F9BFD}.Debug|Win32.Build.0 = Debug|Win32
		{22ABA593-D2AB-4892-AEC9-BFBADC6F9BFD}.Release|Win32.ActiveCfg = Release|Win32
		{22ABA593-D2AB-4892-AEC9-BFBADC6F9BFD}.Release|Win32.Build.0 = Release|Win32
		{52883574-6972-4433-8BC5-045D92CE1355}.Debug|Win32.ActiveCfg = Debug|Win32
		{52883574-6972-4433-8BC5-045D92CE1355}.Debug|Win32.Build.0 = Debug|Win32
		{52883574-6972-4433-8BC5-045D92CE1355}.Release|Win32.ActiveCfg = Release|Win32
		{52883574-6972-4433-8BC5-045D92CE1355}.Release|Win32.Build.0 = Release|Win32
		{C2E2352C-15CD-40AD-A493-5B92C6EE3BAF}.Debug|Win32.ActiveCfg = Debug|Win32
		{C2E2352C-15CD-40AD-A493-5B92C6EE3BAF}.Debug|Win32.Build.0 = Debug|Win32
		{C2E2352C-15CD-40AD-A493-5B92C6EE3BAF}.Release|Win32.ActiveCfg = Release|Win32
		{C2E2352C-15CD-40AD-A493-5B92C6EE3BAF}.Release|Win32.Build.0 = Release|Win32
	EndGlobalSection
	GlobalSection(SolutionProperties) = preSolution
		HideSolutionNode = FALSE
	EndGlobalSection
	GlobalSection(NestedProjects) = preSolution
		{9DACDEBA-28A4-48F0-85B9-A7470C4CCFFE} = {C7D438F5-F0FE-48ED-A337-B1BB4ABCC099}
		{37B35B5D-0102-48DA-9931-7E7F7CD2E79B} = {C7D438F5-F0FE-48ED-A337-B1BB4ABCC099}
		{28B9A73D-05F9-42F8-B95A-D1EBB6A865F4} = {C7D438F5-F0FE-48ED-A337-B1BB4ABCC099}
		{FEC72D3F-14DA-4B01-A2EA-9625F73D5E3C} = {C7D438F5-F0FE-48ED-A337-B1BB4ABCC099}
		{434D032F-40E7-4FB1-9B2E-65E6D5DE7ABA} = {C7D438F5-F0FE-48ED-A337-B1BB4ABCC099}
		{37B63186-9254-41D7-8448-E99876607603} = {901BC184-D7BD-4277-ABBB-4EF501E164C8}
		{7FCC4017-533E-452D-B41D-933F0F0A02CF} = {901BC184-D7BD-4277-ABBB-4EF501E164C8}
		{65D1298C-12A0-44BD-A50E-7A5926221F13} = {901BC184-D7BD-4277-ABBB-4EF501E164C8}
		{10576090-1A65-4B0D-BC63-FE82007C174B} = {901BC184-D7BD-4277-ABBB-4EF501E164C8}
		{FFA1355D-3960-4A04-89E8-32C396EEC26B} = {901BC184-D7BD-4277-ABBB-4EF501E164C8}
		{4742CA70-20DD-46FD-9B2E-B3C2806B939D} = {901BC184-D7BD-4277-ABBB-4EF501E164C8}
		{4F512DEA-BAD9-4700-BD31-5E6CAD12CFF0} = {901BC184-D7BD-4277-ABBB-4EF501E164C8}
		{7EE1F7DB-9047-430C-B27F-CB652E955859} = {ED57C524-B2D2-4411-AD47-5E1B888421CD}
		{3F89A2E0-1AAA-4A8E-BC6E-B9EEB88B6AE8} = {ED57C524-B2D2-4411-AD47-5E1B888421CD}
		{56F5B494-3B3A-4550-910D-EE535DC84C2E} = {ED57C524-B2D2-4411-AD47-5E1B888421CD}
		{85D1E988-1603-46B0-91BC-8D58D508297B} = {ED57C524-B2D2-4411-AD47-5E1B888421CD}
		{998FC113-B3E6-4E62-9F6A-5A939F313397} = {ED57C524-B2D2-4411-AD47-5E1B888421CD}
		{8015E3AC-D813-4738-B528-560D93ED629C} = {ED57C524-B2D2-4411-AD47-5E1B888421CD}
		{900CF46C-1FC1-4151-84E4-F9425129A20E} = {ED57C524-B2D2-4411-AD47-5E1B888421CD}
		{23381344-8A98-405D-B36B-9FE4342C97BD} = {ED57C524-B2D2-4411-AD47-5E1B888421CD}
		{22ABA593-D2AB-4892-AEC9-BFBADC6F9BFD} = {ED57C524-B2D2-4411-AD47-5E1B888421CD}
		{52883574-6972-4433-8BC5-045D92CE1355} = {ED57C524-B2D2-4411-AD47-5E1B888421CD}
		{C2E2352C-15CD-40AD-A493-5B92C6EE3BAF} = {ED57C524-B2D2-4411-AD47-5E1B888421CD}
	EndGlobalSection
EndGlobal
